// !$*UTF8*$!
{
	archiveVersion = 1;
	classes = {
	};
	objectVersion = 46;
	objects = {

/* Begin PBXBuildFile section */
		9AB99A87405B79D74F585971 /* Pods_Carousel.framework in Frameworks */ = {isa = PBXBuildFile; fileRef = DFFE159709B1A007D920FA51 /* Pods_Carousel.framework */; };
		BF276EBE1EAA26A0006E5EAC /* GoogleService-Info.plist in Resources */ = {isa = PBXBuildFile; fileRef = BF276EBD1EAA26A0006E5EAC /* GoogleService-Info.plist */; };
		BF276EEE1EAB4B93006E5EAC /* NotificationService.swift in Sources */ = {isa = PBXBuildFile; fileRef = BF276EED1EAB4B93006E5EAC /* NotificationService.swift */; };
		BF276EF21EAB4B93006E5EAC /* NotificationService.appex in Embed App Extensions */ = {isa = PBXBuildFile; fileRef = BF276EEB1EAB4B92006E5EAC /* NotificationService.appex */; settings = {ATTRIBUTES = (RemoveHeadersOnCopy, ); }; };
		BF276EFD1EAB516C006E5EAC /* UserNotifications.framework in Frameworks */ = {isa = PBXBuildFile; fileRef = BF276EFC1EAB516C006E5EAC /* UserNotifications.framework */; };
		BF276EFF1EAB516C006E5EAC /* UserNotificationsUI.framework in Frameworks */ = {isa = PBXBuildFile; fileRef = BF276EFE1EAB516C006E5EAC /* UserNotificationsUI.framework */; };
		BF276F021EAB516C006E5EAC /* NotificationViewController.swift in Sources */ = {isa = PBXBuildFile; fileRef = BF276F011EAB516C006E5EAC /* NotificationViewController.swift */; };
		BF276F051EAB516C006E5EAC /* MainInterface.storyboard in Resources */ = {isa = PBXBuildFile; fileRef = BF276F031EAB516C006E5EAC /* MainInterface.storyboard */; };
		BF276F091EAB516C006E5EAC /* NotificationContent.appex in Embed App Extensions */ = {isa = PBXBuildFile; fileRef = BF276EFB1EAB516C006E5EAC /* NotificationContent.appex */; settings = {ATTRIBUTES = (RemoveHeadersOnCopy, ); }; };
		BF6C3C7D1E8739C900DA9297 /* AppDelegate.swift in Sources */ = {isa = PBXBuildFile; fileRef = BF6C3C7C1E8739C900DA9297 /* AppDelegate.swift */; };
		BF6C3C821E8739C900DA9297 /* Main.storyboard in Resources */ = {isa = PBXBuildFile; fileRef = BF6C3C801E8739C900DA9297 /* Main.storyboard */; };
		BF6C3C851E8739C900DA9297 /* Carousel.xcdatamodeld in Sources */ = {isa = PBXBuildFile; fileRef = BF6C3C831E8739C900DA9297 /* Carousel.xcdatamodeld */; };
		BF6C3C871E8739C900DA9297 /* Assets.xcassets in Resources */ = {isa = PBXBuildFile; fileRef = BF6C3C861E8739C900DA9297 /* Assets.xcassets */; };
		BF6C3C8A1E8739C900DA9297 /* LaunchScreen.storyboard in Resources */ = {isa = PBXBuildFile; fileRef = BF6C3C881E8739C900DA9297 /* LaunchScreen.storyboard */; };
		BF6C3C951E8739C900DA9297 /* CarouselTests.swift in Sources */ = {isa = PBXBuildFile; fileRef = BF6C3C941E8739C900DA9297 /* CarouselTests.swift */; };
		BF6C3CA01E8739C900DA9297 /* CarouselUITests.swift in Sources */ = {isa = PBXBuildFile; fileRef = BF6C3C9F1E8739C900DA9297 /* CarouselUITests.swift */; };
		BF6C3CAE1E87433300DA9297 /* PhotoCollectionViewCell.swift in Sources */ = {isa = PBXBuildFile; fileRef = BF6C3CAD1E87433300DA9297 /* PhotoCollectionViewCell.swift */; };
		BF6C3CB11E8748F600DA9297 /* Photo.swift in Sources */ = {isa = PBXBuildFile; fileRef = BF6C3CB01E8748F600DA9297 /* Photo.swift */; };
		BF6C3CB31E874A8300DA9297 /* PhotoViewController.swift in Sources */ = {isa = PBXBuildFile; fileRef = BF6C3CB21E874A8300DA9297 /* PhotoViewController.swift */; };
		BF6C3D441E87932500DA9297 /* WeatherModel.swift in Sources */ = {isa = PBXBuildFile; fileRef = BF6C3D431E87932500DA9297 /* WeatherModel.swift */; };
		F8019E981EA5F96E0058D4EE /* HelpMessageViewController.swift in Sources */ = {isa = PBXBuildFile; fileRef = F8019E971EA5F96E0058D4EE /* HelpMessageViewController.swift */; };
		F816D4A01E8C665900BF3995 /* Reachability.swift in Sources */ = {isa = PBXBuildFile; fileRef = F816D49F1E8C665900BF3995 /* Reachability.swift */; };
		F816D4A21E8C6DB900BF3995 /* FavouritesTableViewController.swift in Sources */ = {isa = PBXBuildFile; fileRef = F816D4A11E8C6DB900BF3995 /* FavouritesTableViewController.swift */; };
		F816D4A41E8C6E0600BF3995 /* Favourite.swift in Sources */ = {isa = PBXBuildFile; fileRef = F816D4A31E8C6E0600BF3995 /* Favourite.swift */; };
		F816D4A61E8C6E3900BF3995 /* FavouriteCell.swift in Sources */ = {isa = PBXBuildFile; fileRef = F816D4A51E8C6E3900BF3995 /* FavouriteCell.swift */; };
		F816D4AC1E8C6ED300BF3995 /* ViewFavouriteViewController.swift in Sources */ = {isa = PBXBuildFile; fileRef = F816D4AB1E8C6ED300BF3995 /* ViewFavouriteViewController.swift */; };
		F85288CC1E9B92FD00595E0A /* PanicMapViewController.swift in Sources */ = {isa = PBXBuildFile; fileRef = F85288CB1E9B92FD00595E0A /* PanicMapViewController.swift */; };
		F85288CE1E9BC18000595E0A /* PanicEvent.swift in Sources */ = {isa = PBXBuildFile; fileRef = F85288CD1E9BC18000595E0A /* PanicEvent.swift */; };
		F87447441E9A2CCF009713AC /* patientBackIcon.png in Resources */ = {isa = PBXBuildFile; fileRef = F87447421E9A2CCF009713AC /* patientBackIcon.png */; };
		F87447451E9A2CCF009713AC /* patientLeftIcon.png in Resources */ = {isa = PBXBuildFile; fileRef = F87447431E9A2CCF009713AC /* patientLeftIcon.png */; };
		F87447491E9A3509009713AC /* patientBackIcon New.png in Resources */ = {isa = PBXBuildFile; fileRef = F87447481E9A3509009713AC /* patientBackIcon New.png */; };
		F88C5C111E8FF1A6000F0965 /* Extensions.swift in Sources */ = {isa = PBXBuildFile; fileRef = F88C5C101E8FF1A6000F0965 /* Extensions.swift */; };
		F89698EF1E95D72B00777AFC /* Geofence.swift in Sources */ = {isa = PBXBuildFile; fileRef = F89698EE1E95D72B00777AFC /* Geofence.swift */; };
/* End PBXBuildFile section */

/* Begin PBXContainerItemProxy section */
		BF276EF01EAB4B93006E5EAC /* PBXContainerItemProxy */ = {
			isa = PBXContainerItemProxy;
			containerPortal = BF6C3C711E8739C900DA9297 /* Project object */;
			proxyType = 1;
			remoteGlobalIDString = BF276EEA1EAB4B92006E5EAC;
			remoteInfo = NotificationService;
		};
		BF276F071EAB516C006E5EAC /* PBXContainerItemProxy */ = {
			isa = PBXContainerItemProxy;
			containerPortal = BF6C3C711E8739C900DA9297 /* Project object */;
			proxyType = 1;
			remoteGlobalIDString = BF276EFA1EAB516C006E5EAC;
			remoteInfo = NotificationContent;
		};
		BF6C3C911E8739C900DA9297 /* PBXContainerItemProxy */ = {
			isa = PBXContainerItemProxy;
			containerPortal = BF6C3C711E8739C900DA9297 /* Project object */;
			proxyType = 1;
			remoteGlobalIDString = BF6C3C781E8739C900DA9297;
			remoteInfo = Carousel;
		};
		BF6C3C9C1E8739C900DA9297 /* PBXContainerItemProxy */ = {
			isa = PBXContainerItemProxy;
			containerPortal = BF6C3C711E8739C900DA9297 /* Project object */;
			proxyType = 1;
			remoteGlobalIDString = BF6C3C781E8739C900DA9297;
			remoteInfo = Carousel;
		};
/* End PBXContainerItemProxy section */

/* Begin PBXCopyFilesBuildPhase section */
		BF276EF61EAB4B93006E5EAC /* Embed App Extensions */ = {
			isa = PBXCopyFilesBuildPhase;
			buildActionMask = 2147483647;
			dstPath = "";
			dstSubfolderSpec = 13;
			files = (
				BF276EF21EAB4B93006E5EAC /* NotificationService.appex in Embed App Extensions */,
				BF276F091EAB516C006E5EAC /* NotificationContent.appex in Embed App Extensions */,
			);
			name = "Embed App Extensions";
			runOnlyForDeploymentPostprocessing = 0;
		};
/* End PBXCopyFilesBuildPhase section */

/* Begin PBXFileReference section */
		0700B11A208A0EB35F9D44EE /* Pods-Carousel.release.xcconfig */ = {isa = PBXFileReference; includeInIndex = 1; lastKnownFileType = text.xcconfig; name = "Pods-Carousel.release.xcconfig"; path = "Pods/Target Support Files/Pods-Carousel/Pods-Carousel.release.xcconfig"; sourceTree = "<group>"; };
		B7A8AE85ABF763B2B5E32E31 /* Pods-Carousel.debug.xcconfig */ = {isa = PBXFileReference; includeInIndex = 1; lastKnownFileType = text.xcconfig; name = "Pods-Carousel.debug.xcconfig"; path = "Pods/Target Support Files/Pods-Carousel/Pods-Carousel.debug.xcconfig"; sourceTree = "<group>"; };
		BF276EBD1EAA26A0006E5EAC /* GoogleService-Info.plist */ = {isa = PBXFileReference; fileEncoding = 4; lastKnownFileType = text.plist.xml; name = "GoogleService-Info.plist"; path = "../../GoogleService-Info.plist"; sourceTree = "<group>"; };
		BF276EEB1EAB4B92006E5EAC /* NotificationService.appex */ = {isa = PBXFileReference; explicitFileType = "wrapper.app-extension"; includeInIndex = 0; path = NotificationService.appex; sourceTree = BUILT_PRODUCTS_DIR; };
		BF276EED1EAB4B93006E5EAC /* NotificationService.swift */ = {isa = PBXFileReference; lastKnownFileType = sourcecode.swift; path = NotificationService.swift; sourceTree = "<group>"; };
		BF276EEF1EAB4B93006E5EAC /* Info.plist */ = {isa = PBXFileReference; lastKnownFileType = text.plist.xml; path = Info.plist; sourceTree = "<group>"; };
		BF276EFB1EAB516C006E5EAC /* NotificationContent.appex */ = {isa = PBXFileReference; explicitFileType = "wrapper.app-extension"; includeInIndex = 0; path = NotificationContent.appex; sourceTree = BUILT_PRODUCTS_DIR; };
		BF276EFC1EAB516C006E5EAC /* UserNotifications.framework */ = {isa = PBXFileReference; lastKnownFileType = wrapper.framework; name = UserNotifications.framework; path = System/Library/Frameworks/UserNotifications.framework; sourceTree = SDKROOT; };
		BF276EFE1EAB516C006E5EAC /* UserNotificationsUI.framework */ = {isa = PBXFileReference; lastKnownFileType = wrapper.framework; name = UserNotificationsUI.framework; path = System/Library/Frameworks/UserNotificationsUI.framework; sourceTree = SDKROOT; };
		BF276F011EAB516C006E5EAC /* NotificationViewController.swift */ = {isa = PBXFileReference; lastKnownFileType = sourcecode.swift; path = NotificationViewController.swift; sourceTree = "<group>"; };
		BF276F041EAB516C006E5EAC /* Base */ = {isa = PBXFileReference; lastKnownFileType = file.storyboard; name = Base; path = Base.lproj/MainInterface.storyboard; sourceTree = "<group>"; };
		BF276F061EAB516C006E5EAC /* Info.plist */ = {isa = PBXFileReference; lastKnownFileType = text.plist.xml; path = Info.plist; sourceTree = "<group>"; };
		BF6C3C791E8739C900DA9297 /* Carousel.app */ = {isa = PBXFileReference; explicitFileType = wrapper.application; includeInIndex = 0; path = Carousel.app; sourceTree = BUILT_PRODUCTS_DIR; };
		BF6C3C7C1E8739C900DA9297 /* AppDelegate.swift */ = {isa = PBXFileReference; lastKnownFileType = sourcecode.swift; path = AppDelegate.swift; sourceTree = "<group>"; };
		BF6C3C811E8739C900DA9297 /* Base */ = {isa = PBXFileReference; lastKnownFileType = file.storyboard; name = Base; path = Base.lproj/Main.storyboard; sourceTree = "<group>"; };
		BF6C3C841E8739C900DA9297 /* Carousel.xcdatamodel */ = {isa = PBXFileReference; lastKnownFileType = wrapper.xcdatamodel; path = Carousel.xcdatamodel; sourceTree = "<group>"; };
		BF6C3C861E8739C900DA9297 /* Assets.xcassets */ = {isa = PBXFileReference; lastKnownFileType = folder.assetcatalog; path = Assets.xcassets; sourceTree = "<group>"; };
		BF6C3C891E8739C900DA9297 /* Base */ = {isa = PBXFileReference; lastKnownFileType = file.storyboard; name = Base; path = Base.lproj/LaunchScreen.storyboard; sourceTree = "<group>"; };
		BF6C3C8B1E8739C900DA9297 /* Info.plist */ = {isa = PBXFileReference; lastKnownFileType = text.plist.xml; path = Info.plist; sourceTree = "<group>"; };
		BF6C3C901E8739C900DA9297 /* CarouselTests.xctest */ = {isa = PBXFileReference; explicitFileType = wrapper.cfbundle; includeInIndex = 0; path = CarouselTests.xctest; sourceTree = BUILT_PRODUCTS_DIR; };
		BF6C3C941E8739C900DA9297 /* CarouselTests.swift */ = {isa = PBXFileReference; lastKnownFileType = sourcecode.swift; path = CarouselTests.swift; sourceTree = "<group>"; };
		BF6C3C961E8739C900DA9297 /* Info.plist */ = {isa = PBXFileReference; lastKnownFileType = text.plist.xml; path = Info.plist; sourceTree = "<group>"; };
		BF6C3C9B1E8739C900DA9297 /* CarouselUITests.xctest */ = {isa = PBXFileReference; explicitFileType = wrapper.cfbundle; includeInIndex = 0; path = CarouselUITests.xctest; sourceTree = BUILT_PRODUCTS_DIR; };
		BF6C3C9F1E8739C900DA9297 /* CarouselUITests.swift */ = {isa = PBXFileReference; lastKnownFileType = sourcecode.swift; path = CarouselUITests.swift; sourceTree = "<group>"; };
		BF6C3CA11E8739C900DA9297 /* Info.plist */ = {isa = PBXFileReference; lastKnownFileType = text.plist.xml; path = Info.plist; sourceTree = "<group>"; };
		BF6C3CAD1E87433300DA9297 /* PhotoCollectionViewCell.swift */ = {isa = PBXFileReference; fileEncoding = 4; lastKnownFileType = sourcecode.swift; name = PhotoCollectionViewCell.swift; path = ../PhotoCollectionViewCell.swift; sourceTree = "<group>"; };
		BF6C3CB01E8748F600DA9297 /* Photo.swift */ = {isa = PBXFileReference; fileEncoding = 4; lastKnownFileType = sourcecode.swift; path = Photo.swift; sourceTree = "<group>"; };
		BF6C3CB21E874A8300DA9297 /* PhotoViewController.swift */ = {isa = PBXFileReference; fileEncoding = 4; lastKnownFileType = sourcecode.swift; path = PhotoViewController.swift; sourceTree = "<group>"; };
		BF6C3D431E87932500DA9297 /* WeatherModel.swift */ = {isa = PBXFileReference; fileEncoding = 4; lastKnownFileType = sourcecode.swift; path = WeatherModel.swift; sourceTree = "<group>"; };
		BF6EAB1F1E8CA19000A929DE /* Coffee Shop.gpx */ = {isa = PBXFileReference; lastKnownFileType = text.xml; path = "Coffee Shop.gpx"; sourceTree = "<group>"; };
		BF6EAB201E8CA29800A929DE /* Comfort Food.gpx */ = {isa = PBXFileReference; lastKnownFileType = text.xml; path = "Comfort Food.gpx"; sourceTree = "<group>"; };
		BF6EAB211E8CA2C200A929DE /* Football Team.gpx */ = {isa = PBXFileReference; lastKnownFileType = text.xml; path = "Football Team.gpx"; sourceTree = "<group>"; };
		BF6EAB221E8CA2E800A929DE /* Holiday.gpx */ = {isa = PBXFileReference; lastKnownFileType = text.xml; path = Holiday.gpx; sourceTree = "<group>"; };
		BF6EAB231E8CA31F00A929DE /* Pizza.gpx */ = {isa = PBXFileReference; lastKnownFileType = text.xml; path = Pizza.gpx; sourceTree = "<group>"; };
		DFFE159709B1A007D920FA51 /* Pods_Carousel.framework */ = {isa = PBXFileReference; explicitFileType = wrapper.framework; includeInIndex = 0; path = Pods_Carousel.framework; sourceTree = BUILT_PRODUCTS_DIR; };
		F8019E971EA5F96E0058D4EE /* HelpMessageViewController.swift */ = {isa = PBXFileReference; fileEncoding = 4; lastKnownFileType = sourcecode.swift; path = HelpMessageViewController.swift; sourceTree = "<group>"; };
		F816D49F1E8C665900BF3995 /* Reachability.swift */ = {isa = PBXFileReference; fileEncoding = 4; lastKnownFileType = sourcecode.swift; path = Reachability.swift; sourceTree = "<group>"; };
		F816D4A11E8C6DB900BF3995 /* FavouritesTableViewController.swift */ = {isa = PBXFileReference; fileEncoding = 4; lastKnownFileType = sourcecode.swift; path = FavouritesTableViewController.swift; sourceTree = "<group>"; };
		F816D4A31E8C6E0600BF3995 /* Favourite.swift */ = {isa = PBXFileReference; fileEncoding = 4; lastKnownFileType = sourcecode.swift; path = Favourite.swift; sourceTree = "<group>"; };
		F816D4A51E8C6E3900BF3995 /* FavouriteCell.swift */ = {isa = PBXFileReference; fileEncoding = 4; lastKnownFileType = sourcecode.swift; path = FavouriteCell.swift; sourceTree = "<group>"; };
		F816D4AB1E8C6ED300BF3995 /* ViewFavouriteViewController.swift */ = {isa = PBXFileReference; fileEncoding = 4; lastKnownFileType = sourcecode.swift; path = ViewFavouriteViewController.swift; sourceTree = "<group>"; };
		F85288CB1E9B92FD00595E0A /* PanicMapViewController.swift */ = {isa = PBXFileReference; fileEncoding = 4; lastKnownFileType = sourcecode.swift; path = PanicMapViewController.swift; sourceTree = "<group>"; };
		F85288CD1E9BC18000595E0A /* PanicEvent.swift */ = {isa = PBXFileReference; fileEncoding = 4; lastKnownFileType = sourcecode.swift; path = PanicEvent.swift; sourceTree = "<group>"; };
		F87447421E9A2CCF009713AC /* patientBackIcon.png */ = {isa = PBXFileReference; lastKnownFileType = image.png; path = patientBackIcon.png; sourceTree = "<group>"; };
		F87447431E9A2CCF009713AC /* patientLeftIcon.png */ = {isa = PBXFileReference; lastKnownFileType = image.png; path = patientLeftIcon.png; sourceTree = "<group>"; };
		F87447481E9A3509009713AC /* patientBackIcon New.png */ = {isa = PBXFileReference; lastKnownFileType = image.png; path = "patientBackIcon New.png"; sourceTree = "<group>"; };
		F88C5C101E8FF1A6000F0965 /* Extensions.swift */ = {isa = PBXFileReference; fileEncoding = 4; lastKnownFileType = sourcecode.swift; path = Extensions.swift; sourceTree = "<group>"; };
		F89698EE1E95D72B00777AFC /* Geofence.swift */ = {isa = PBXFileReference; fileEncoding = 4; lastKnownFileType = sourcecode.swift; path = Geofence.swift; sourceTree = "<group>"; };
/* End PBXFileReference section */

/* Begin PBXFrameworksBuildPhase section */
		BF276EE81EAB4B92006E5EAC /* Frameworks */ = {
			isa = PBXFrameworksBuildPhase;
			buildActionMask = 2147483647;
			files = (
			);
			runOnlyForDeploymentPostprocessing = 0;
		};
		BF276EF81EAB516C006E5EAC /* Frameworks */ = {
			isa = PBXFrameworksBuildPhase;
			buildActionMask = 2147483647;
			files = (
				BF276EFF1EAB516C006E5EAC /* UserNotificationsUI.framework in Frameworks */,
				BF276EFD1EAB516C006E5EAC /* UserNotifications.framework in Frameworks */,
			);
			runOnlyForDeploymentPostprocessing = 0;
		};
		BF6C3C761E8739C900DA9297 /* Frameworks */ = {
			isa = PBXFrameworksBuildPhase;
			buildActionMask = 2147483647;
			files = (
				9AB99A87405B79D74F585971 /* Pods_Carousel.framework in Frameworks */,
			);
			runOnlyForDeploymentPostprocessing = 0;
		};
		BF6C3C8D1E8739C900DA9297 /* Frameworks */ = {
			isa = PBXFrameworksBuildPhase;
			buildActionMask = 2147483647;
			files = (
			);
			runOnlyForDeploymentPostprocessing = 0;
		};
		BF6C3C981E8739C900DA9297 /* Frameworks */ = {
			isa = PBXFrameworksBuildPhase;
			buildActionMask = 2147483647;
			files = (
			);
			runOnlyForDeploymentPostprocessing = 0;
		};
/* End PBXFrameworksBuildPhase section */

/* Begin PBXGroup section */
		B2757D6553B51B5EE08F221A /* Pods */ = {
			isa = PBXGroup;
			children = (
				B7A8AE85ABF763B2B5E32E31 /* Pods-Carousel.debug.xcconfig */,
				0700B11A208A0EB35F9D44EE /* Pods-Carousel.release.xcconfig */,
			);
			name = Pods;
			sourceTree = "<group>";
		};
		BF276EEC1EAB4B93006E5EAC /* NotificationService */ = {
			isa = PBXGroup;
			children = (
				BF276EED1EAB4B93006E5EAC /* NotificationService.swift */,
				BF276EEF1EAB4B93006E5EAC /* Info.plist */,
			);
			path = NotificationService;
			sourceTree = "<group>";
		};
		BF276F001EAB516C006E5EAC /* NotificationContent */ = {
			isa = PBXGroup;
			children = (
				BF276F011EAB516C006E5EAC /* NotificationViewController.swift */,
				BF276F031EAB516C006E5EAC /* MainInterface.storyboard */,
				BF276F061EAB516C006E5EAC /* Info.plist */,
			);
			path = NotificationContent;
			sourceTree = "<group>";
		};
		BF6C3C701E8739C900DA9297 = {
			isa = PBXGroup;
			children = (
				BF6C3C7B1E8739C900DA9297 /* Carousel */,
				BF6C3C931E8739C900DA9297 /* CarouselTests */,
				BF6C3C9E1E8739C900DA9297 /* CarouselUITests */,
				BF276EEC1EAB4B93006E5EAC /* NotificationService */,
				BF276F001EAB516C006E5EAC /* NotificationContent */,
				BF6C3C7A1E8739C900DA9297 /* Products */,
				B2757D6553B51B5EE08F221A /* Pods */,
				CE7D777959859562713EA82C /* Frameworks */,
			);
			sourceTree = "<group>";
		};
		BF6C3C7A1E8739C900DA9297 /* Products */ = {
			isa = PBXGroup;
			children = (
				BF6C3C791E8739C900DA9297 /* Carousel.app */,
				BF6C3C901E8739C900DA9297 /* CarouselTests.xctest */,
				BF6C3C9B1E8739C900DA9297 /* CarouselUITests.xctest */,
				BF276EEB1EAB4B92006E5EAC /* NotificationService.appex */,
				BF276EFB1EAB516C006E5EAC /* NotificationContent.appex */,
			);
			name = Products;
			sourceTree = "<group>";
		};
		BF6C3C7B1E8739C900DA9297 /* Carousel */ = {
			isa = PBXGroup;
			children = (
				F85288CA1E9B92CF00595E0A /* Other Screens */,
				F874473B1E9A1465009713AC /* NotificationImages */,
				F88C5C0F1E8FF18E000F0965 /* Helpers */,
				BF6EAB241E8CA79000A929DE /* Location simulation files */,
				BF6C3CB41E874A9000DA9297 /* Home Screen */,
				BF6C3CAF1E8748E100DA9297 /* Model */,
				BF6C3CAD1E87433300DA9297 /* PhotoCollectionViewCell.swift */,
				BF6C3C7C1E8739C900DA9297 /* AppDelegate.swift */,
				BF6C3C801E8739C900DA9297 /* Main.storyboard */,
				BF6C3C861E8739C900DA9297 /* Assets.xcassets */,
				BF6C3C881E8739C900DA9297 /* LaunchScreen.storyboard */,
				BF6C3C8B1E8739C900DA9297 /* Info.plist */,
				BF6C3C831E8739C900DA9297 /* Carousel.xcdatamodeld */,
				BF276EBD1EAA26A0006E5EAC /* GoogleService-Info.plist */,
				F816D49F1E8C665900BF3995 /* Reachability.swift */,
				F816D4A11E8C6DB900BF3995 /* FavouritesTableViewController.swift */,
				F816D4A51E8C6E3900BF3995 /* FavouriteCell.swift */,
				F816D4AB1E8C6ED300BF3995 /* ViewFavouriteViewController.swift */,
			);
			path = Carousel;
			sourceTree = "<group>";
		};
		BF6C3C931E8739C900DA9297 /* CarouselTests */ = {
			isa = PBXGroup;
			children = (
				BF6C3C941E8739C900DA9297 /* CarouselTests.swift */,
				BF6C3C961E8739C900DA9297 /* Info.plist */,
			);
			path = CarouselTests;
			sourceTree = "<group>";
		};
		BF6C3C9E1E8739C900DA9297 /* CarouselUITests */ = {
			isa = PBXGroup;
			children = (
				BF6C3C9F1E8739C900DA9297 /* CarouselUITests.swift */,
				BF6C3CA11E8739C900DA9297 /* Info.plist */,
			);
			path = CarouselUITests;
			sourceTree = "<group>";
		};
		BF6C3CAF1E8748E100DA9297 /* Model */ = {
			isa = PBXGroup;
			children = (
				BF6C3CB01E8748F600DA9297 /* Photo.swift */,
				BF6C3D431E87932500DA9297 /* WeatherModel.swift */,
				F816D4A31E8C6E0600BF3995 /* Favourite.swift */,
				F89698EE1E95D72B00777AFC /* Geofence.swift */,
				F85288CD1E9BC18000595E0A /* PanicEvent.swift */,
			);
			name = Model;
			sourceTree = "<group>";
		};
		BF6C3CB41E874A9000DA9297 /* Home Screen */ = {
			isa = PBXGroup;
			children = (
				BF6C3CB21E874A8300DA9297 /* PhotoViewController.swift */,
			);
			name = "Home Screen";
			sourceTree = "<group>";
		};
		BF6EAB241E8CA79000A929DE /* Location simulation files */ = {
			isa = PBXGroup;
			children = (
				BF6EAB1F1E8CA19000A929DE /* Coffee Shop.gpx */,
				BF6EAB201E8CA29800A929DE /* Comfort Food.gpx */,
				BF6EAB211E8CA2C200A929DE /* Football Team.gpx */,
				BF6EAB221E8CA2E800A929DE /* Holiday.gpx */,
				BF6EAB231E8CA31F00A929DE /* Pizza.gpx */,
			);
			name = "Location simulation files";
			sourceTree = "<group>";
		};
		CE7D777959859562713EA82C /* Frameworks */ = {
			isa = PBXGroup;
			children = (
				DFFE159709B1A007D920FA51 /* Pods_Carousel.framework */,
				BF276EFC1EAB516C006E5EAC /* UserNotifications.framework */,
				BF276EFE1EAB516C006E5EAC /* UserNotificationsUI.framework */,
			);
			name = Frameworks;
			sourceTree = "<group>";
		};
		F85288CA1E9B92CF00595E0A /* Other Screens */ = {
			isa = PBXGroup;
			children = (
				F85288CB1E9B92FD00595E0A /* PanicMapViewController.swift */,
				F8019E971EA5F96E0058D4EE /* HelpMessageViewController.swift */,
			);
			name = "Other Screens";
			sourceTree = "<group>";
		};
		F874473B1E9A1465009713AC /* NotificationImages */ = {
			isa = PBXGroup;
			children = (
				F87447421E9A2CCF009713AC /* patientBackIcon.png */,
				F87447481E9A3509009713AC /* patientBackIcon New.png */,
				F87447431E9A2CCF009713AC /* patientLeftIcon.png */,
			);
			name = NotificationImages;
			sourceTree = "<group>";
		};
		F88C5C0F1E8FF18E000F0965 /* Helpers */ = {
			isa = PBXGroup;
			children = (
				F88C5C101E8FF1A6000F0965 /* Extensions.swift */,
			);
			name = Helpers;
			sourceTree = "<group>";
		};
/* End PBXGroup section */

/* Begin PBXNativeTarget section */
		BF276EEA1EAB4B92006E5EAC /* NotificationService */ = {
			isa = PBXNativeTarget;
			buildConfigurationList = BF276EF51EAB4B93006E5EAC /* Build configuration list for PBXNativeTarget "NotificationService" */;
			buildPhases = (
				BF276EE71EAB4B92006E5EAC /* Sources */,
				BF276EE81EAB4B92006E5EAC /* Frameworks */,
				BF276EE91EAB4B92006E5EAC /* Resources */,
			);
			buildRules = (
			);
			dependencies = (
			);
			name = NotificationService;
			productName = NotificationService;
			productReference = BF276EEB1EAB4B92006E5EAC /* NotificationService.appex */;
			productType = "com.apple.product-type.app-extension";
		};
		BF276EFA1EAB516C006E5EAC /* NotificationContent */ = {
			isa = PBXNativeTarget;
			buildConfigurationList = BF276F0A1EAB516C006E5EAC /* Build configuration list for PBXNativeTarget "NotificationContent" */;
			buildPhases = (
				BF276EF71EAB516C006E5EAC /* Sources */,
				BF276EF81EAB516C006E5EAC /* Frameworks */,
				BF276EF91EAB516C006E5EAC /* Resources */,
			);
			buildRules = (
			);
			dependencies = (
			);
			name = NotificationContent;
			productName = NotificationContent;
			productReference = BF276EFB1EAB516C006E5EAC /* NotificationContent.appex */;
			productType = "com.apple.product-type.app-extension";
		};
		BF6C3C781E8739C900DA9297 /* Carousel */ = {
			isa = PBXNativeTarget;
			buildConfigurationList = BF6C3CA41E8739C900DA9297 /* Build configuration list for PBXNativeTarget "Carousel" */;
			buildPhases = (
				ABBCAC8AE96E9CD9059D121E /* [CP] Check Pods Manifest.lock */,
				BF6C3C751E8739C900DA9297 /* Sources */,
				BF6C3C761E8739C900DA9297 /* Frameworks */,
				BF6C3C771E8739C900DA9297 /* Resources */,
				87DD71EB44990CDF927AAD0D /* [CP] Embed Pods Frameworks */,
				2921836832FFD9D41D47418C /* [CP] Copy Pods Resources */,
				BF276EF61EAB4B93006E5EAC /* Embed App Extensions */,
			);
			buildRules = (
			);
			dependencies = (
				BF276EF11EAB4B93006E5EAC /* PBXTargetDependency */,
				BF276F081EAB516C006E5EAC /* PBXTargetDependency */,
			);
			name = Carousel;
			productName = Carousel;
			productReference = BF6C3C791E8739C900DA9297 /* Carousel.app */;
			productType = "com.apple.product-type.application";
		};
		BF6C3C8F1E8739C900DA9297 /* CarouselTests */ = {
			isa = PBXNativeTarget;
			buildConfigurationList = BF6C3CA71E8739C900DA9297 /* Build configuration list for PBXNativeTarget "CarouselTests" */;
			buildPhases = (
				BF6C3C8C1E8739C900DA9297 /* Sources */,
				BF6C3C8D1E8739C900DA9297 /* Frameworks */,
				BF6C3C8E1E8739C900DA9297 /* Resources */,
			);
			buildRules = (
			);
			dependencies = (
				BF6C3C921E8739C900DA9297 /* PBXTargetDependency */,
			);
			name = CarouselTests;
			productName = CarouselTests;
			productReference = BF6C3C901E8739C900DA9297 /* CarouselTests.xctest */;
			productType = "com.apple.product-type.bundle.unit-test";
		};
		BF6C3C9A1E8739C900DA9297 /* CarouselUITests */ = {
			isa = PBXNativeTarget;
			buildConfigurationList = BF6C3CAA1E8739C900DA9297 /* Build configuration list for PBXNativeTarget "CarouselUITests" */;
			buildPhases = (
				BF6C3C971E8739C900DA9297 /* Sources */,
				BF6C3C981E8739C900DA9297 /* Frameworks */,
				BF6C3C991E8739C900DA9297 /* Resources */,
			);
			buildRules = (
			);
			dependencies = (
				BF6C3C9D1E8739C900DA9297 /* PBXTargetDependency */,
			);
			name = CarouselUITests;
			productName = CarouselUITests;
			productReference = BF6C3C9B1E8739C900DA9297 /* CarouselUITests.xctest */;
			productType = "com.apple.product-type.bundle.ui-testing";
		};
/* End PBXNativeTarget section */

/* Begin PBXProject section */
		BF6C3C711E8739C900DA9297 /* Project object */ = {
			isa = PBXProject;
			attributes = {
				LastSwiftUpdateCheck = 0820;
				LastUpgradeCheck = 0820;
				ORGANIZATIONNAME = 200OK;
				TargetAttributes = {
					BF276EEA1EAB4B92006E5EAC = {
						CreatedOnToolsVersion = 8.2.1;
						DevelopmentTeam = NHS5CFX24Q;
						ProvisioningStyle = Automatic;
					};
					BF276EFA1EAB516C006E5EAC = {
						CreatedOnToolsVersion = 8.2.1;
						DevelopmentTeam = NHS5CFX24Q;
						ProvisioningStyle = Automatic;
					};
					BF6C3C781E8739C900DA9297 = {
						CreatedOnToolsVersion = 8.2.1;
						DevelopmentTeam = NHS5CFX24Q;
						ProvisioningStyle = Automatic;
					};
					BF6C3C8F1E8739C900DA9297 = {
						CreatedOnToolsVersion = 8.2.1;
						DevelopmentTeam = NHS5CFX24Q;
						ProvisioningStyle = Automatic;
						TestTargetID = BF6C3C781E8739C900DA9297;
					};
					BF6C3C9A1E8739C900DA9297 = {
						CreatedOnToolsVersion = 8.2.1;
						DevelopmentTeam = NHS5CFX24Q;
						ProvisioningStyle = Automatic;
						TestTargetID = BF6C3C781E8739C900DA9297;
					};
				};
			};
			buildConfigurationList = BF6C3C741E8739C900DA9297 /* Build configuration list for PBXProject "Carousel" */;
			compatibilityVersion = "Xcode 3.2";
			developmentRegion = English;
			hasScannedForEncodings = 0;
			knownRegions = (
				en,
				Base,
			);
			mainGroup = BF6C3C701E8739C900DA9297;
			productRefGroup = BF6C3C7A1E8739C900DA9297 /* Products */;
			projectDirPath = "";
			projectRoot = "";
			targets = (
				BF6C3C781E8739C900DA9297 /* Carousel */,
				BF6C3C8F1E8739C900DA9297 /* CarouselTests */,
				BF6C3C9A1E8739C900DA9297 /* CarouselUITests */,
				BF276EEA1EAB4B92006E5EAC /* NotificationService */,
				BF276EFA1EAB516C006E5EAC /* NotificationContent */,
			);
		};
/* End PBXProject section */

/* Begin PBXResourcesBuildPhase section */
		BF276EE91EAB4B92006E5EAC /* Resources */ = {
			isa = PBXResourcesBuildPhase;
			buildActionMask = 2147483647;
			files = (
			);
			runOnlyForDeploymentPostprocessing = 0;
		};
		BF276EF91EAB516C006E5EAC /* Resources */ = {
			isa = PBXResourcesBuildPhase;
			buildActionMask = 2147483647;
			files = (
				BF276F051EAB516C006E5EAC /* MainInterface.storyboard in Resources */,
			);
			runOnlyForDeploymentPostprocessing = 0;
		};
		BF6C3C771E8739C900DA9297 /* Resources */ = {
			isa = PBXResourcesBuildPhase;
			buildActionMask = 2147483647;
			files = (
				F87447441E9A2CCF009713AC /* patientBackIcon.png in Resources */,
				F87447491E9A3509009713AC /* patientBackIcon New.png in Resources */,
				BF6C3C8A1E8739C900DA9297 /* LaunchScreen.storyboard in Resources */,
				F87447451E9A2CCF009713AC /* patientLeftIcon.png in Resources */,
				BF6C3C871E8739C900DA9297 /* Assets.xcassets in Resources */,
				BF6C3C821E8739C900DA9297 /* Main.storyboard in Resources */,
				BF276EBE1EAA26A0006E5EAC /* GoogleService-Info.plist in Resources */,
			);
			runOnlyForDeploymentPostprocessing = 0;
		};
		BF6C3C8E1E8739C900DA9297 /* Resources */ = {
			isa = PBXResourcesBuildPhase;
			buildActionMask = 2147483647;
			files = (
			);
			runOnlyForDeploymentPostprocessing = 0;
		};
		BF6C3C991E8739C900DA9297 /* Resources */ = {
			isa = PBXResourcesBuildPhase;
			buildActionMask = 2147483647;
			files = (
			);
			runOnlyForDeploymentPostprocessing = 0;
		};
/* End PBXResourcesBuildPhase section */

/* Begin PBXShellScriptBuildPhase section */
		2921836832FFD9D41D47418C /* [CP] Copy Pods Resources */ = {
			isa = PBXShellScriptBuildPhase;
			buildActionMask = 2147483647;
			files = (
			);
			inputPaths = (
			);
			name = "[CP] Copy Pods Resources";
			outputPaths = (
			);
			runOnlyForDeploymentPostprocessing = 0;
			shellPath = /bin/sh;
			shellScript = "\"${SRCROOT}/Pods/Target Support Files/Pods-Carousel/Pods-Carousel-resources.sh\"\n";
			showEnvVarsInLog = 0;
		};
		87DD71EB44990CDF927AAD0D /* [CP] Embed Pods Frameworks */ = {
			isa = PBXShellScriptBuildPhase;
			buildActionMask = 2147483647;
			files = (
			);
			inputPaths = (
			);
			name = "[CP] Embed Pods Frameworks";
			outputPaths = (
			);
			runOnlyForDeploymentPostprocessing = 0;
			shellPath = /bin/sh;
			shellScript = "\"${SRCROOT}/Pods/Target Support Files/Pods-Carousel/Pods-Carousel-frameworks.sh\"\n";
			showEnvVarsInLog = 0;
		};
		ABBCAC8AE96E9CD9059D121E /* [CP] Check Pods Manifest.lock */ = {
			isa = PBXShellScriptBuildPhase;
			buildActionMask = 2147483647;
			files = (
			);
			inputPaths = (
			);
			name = "[CP] Check Pods Manifest.lock";
			outputPaths = (
			);
			runOnlyForDeploymentPostprocessing = 0;
			shellPath = /bin/sh;
			shellScript = "diff \"${PODS_ROOT}/../Podfile.lock\" \"${PODS_ROOT}/Manifest.lock\" > /dev/null\nif [ $? != 0 ] ; then\n    # print error to STDERR\n    echo \"error: The sandbox is not in sync with the Podfile.lock. Run 'pod install' or update your CocoaPods installation.\" >&2\n    exit 1\nfi\n";
			showEnvVarsInLog = 0;
		};
/* End PBXShellScriptBuildPhase section */

/* Begin PBXSourcesBuildPhase section */
		BF276EE71EAB4B92006E5EAC /* Sources */ = {
			isa = PBXSourcesBuildPhase;
			buildActionMask = 2147483647;
			files = (
				BF276EEE1EAB4B93006E5EAC /* NotificationService.swift in Sources */,
			);
			runOnlyForDeploymentPostprocessing = 0;
		};
		BF276EF71EAB516C006E5EAC /* Sources */ = {
			isa = PBXSourcesBuildPhase;
			buildActionMask = 2147483647;
			files = (
				BF276F021EAB516C006E5EAC /* NotificationViewController.swift in Sources */,
			);
			runOnlyForDeploymentPostprocessing = 0;
		};
		BF6C3C751E8739C900DA9297 /* Sources */ = {
			isa = PBXSourcesBuildPhase;
			buildActionMask = 2147483647;
			files = (
				F816D4A41E8C6E0600BF3995 /* Favourite.swift in Sources */,
				F816D4A01E8C665900BF3995 /* Reachability.swift in Sources */,
				BF6C3CAE1E87433300DA9297 /* PhotoCollectionViewCell.swift in Sources */,
				BF6C3C851E8739C900DA9297 /* Carousel.xcdatamodeld in Sources */,
				BF6C3C7D1E8739C900DA9297 /* AppDelegate.swift in Sources */,
				F816D4A61E8C6E3900BF3995 /* FavouriteCell.swift in Sources */,
				F89698EF1E95D72B00777AFC /* Geofence.swift in Sources */,
				F8019E981EA5F96E0058D4EE /* HelpMessageViewController.swift in Sources */,
				BF6C3CB11E8748F600DA9297 /* Photo.swift in Sources */,
				F816D4A21E8C6DB900BF3995 /* FavouritesTableViewController.swift in Sources */,
				BF6C3D441E87932500DA9297 /* WeatherModel.swift in Sources */,
				BF6C3CB31E874A8300DA9297 /* PhotoViewController.swift in Sources */,
				F816D4AC1E8C6ED300BF3995 /* ViewFavouriteViewController.swift in Sources */,
				F88C5C111E8FF1A6000F0965 /* Extensions.swift in Sources */,
				F85288CC1E9B92FD00595E0A /* PanicMapViewController.swift in Sources */,
				F85288CE1E9BC18000595E0A /* PanicEvent.swift in Sources */,
			);
			runOnlyForDeploymentPostprocessing = 0;
		};
		BF6C3C8C1E8739C900DA9297 /* Sources */ = {
			isa = PBXSourcesBuildPhase;
			buildActionMask = 2147483647;
			files = (
				BF6C3C951E8739C900DA9297 /* CarouselTests.swift in Sources */,
			);
			runOnlyForDeploymentPostprocessing = 0;
		};
		BF6C3C971E8739C900DA9297 /* Sources */ = {
			isa = PBXSourcesBuildPhase;
			buildActionMask = 2147483647;
			files = (
				BF6C3CA01E8739C900DA9297 /* CarouselUITests.swift in Sources */,
			);
			runOnlyForDeploymentPostprocessing = 0;
		};
/* End PBXSourcesBuildPhase section */

/* Begin PBXTargetDependency section */
		BF276EF11EAB4B93006E5EAC /* PBXTargetDependency */ = {
			isa = PBXTargetDependency;
			target = BF276EEA1EAB4B92006E5EAC /* NotificationService */;
			targetProxy = BF276EF01EAB4B93006E5EAC /* PBXContainerItemProxy */;
		};
		BF276F081EAB516C006E5EAC /* PBXTargetDependency */ = {
			isa = PBXTargetDependency;
			target = BF276EFA1EAB516C006E5EAC /* NotificationContent */;
			targetProxy = BF276F071EAB516C006E5EAC /* PBXContainerItemProxy */;
		};
		BF6C3C921E8739C900DA9297 /* PBXTargetDependency */ = {
			isa = PBXTargetDependency;
			target = BF6C3C781E8739C900DA9297 /* Carousel */;
			targetProxy = BF6C3C911E8739C900DA9297 /* PBXContainerItemProxy */;
		};
		BF6C3C9D1E8739C900DA9297 /* PBXTargetDependency */ = {
			isa = PBXTargetDependency;
			target = BF6C3C781E8739C900DA9297 /* Carousel */;
			targetProxy = BF6C3C9C1E8739C900DA9297 /* PBXContainerItemProxy */;
		};
/* End PBXTargetDependency section */

/* Begin PBXVariantGroup section */
		BF276F031EAB516C006E5EAC /* MainInterface.storyboard */ = {
			isa = PBXVariantGroup;
			children = (
				BF276F041EAB516C006E5EAC /* Base */,
			);
			name = MainInterface.storyboard;
			sourceTree = "<group>";
		};
		BF6C3C801E8739C900DA9297 /* Main.storyboard */ = {
			isa = PBXVariantGroup;
			children = (
				BF6C3C811E8739C900DA9297 /* Base */,
			);
			name = Main.storyboard;
			sourceTree = "<group>";
		};
		BF6C3C881E8739C900DA9297 /* LaunchScreen.storyboard */ = {
			isa = PBXVariantGroup;
			children = (
				BF6C3C891E8739C900DA9297 /* Base */,
			);
			name = LaunchScreen.storyboard;
			sourceTree = "<group>";
		};
/* End PBXVariantGroup section */

/* Begin XCBuildConfiguration section */
		BF276EF31EAB4B93006E5EAC /* Debug */ = {
			isa = XCBuildConfiguration;
			buildSettings = {
				DEVELOPMENT_TEAM = NHS5CFX24Q;
				INFOPLIST_FILE = NotificationService/Info.plist;
				IPHONEOS_DEPLOYMENT_TARGET = 10.0.2;
				LD_RUNPATH_SEARCH_PATHS = "$(inherited) @executable_path/Frameworks @executable_path/../../Frameworks";
				PRODUCT_BUNDLE_IDENTIFIER = IE.Carousel.NotificationService;
				PRODUCT_NAME = "$(TARGET_NAME)";
				SKIP_INSTALL = YES;
				SWIFT_VERSION = 3.0;
			};
			name = Debug;
		};
		BF276EF41EAB4B93006E5EAC /* Release */ = {
			isa = XCBuildConfiguration;
			buildSettings = {
				DEVELOPMENT_TEAM = NHS5CFX24Q;
				INFOPLIST_FILE = NotificationService/Info.plist;
				IPHONEOS_DEPLOYMENT_TARGET = 10.0.2;
				LD_RUNPATH_SEARCH_PATHS = "$(inherited) @executable_path/Frameworks @executable_path/../../Frameworks";
				PRODUCT_BUNDLE_IDENTIFIER = IE.Carousel.NotificationService;
				PRODUCT_NAME = "$(TARGET_NAME)";
				SKIP_INSTALL = YES;
				SWIFT_VERSION = 3.0;
			};
			name = Release;
		};
		BF276F0B1EAB516C006E5EAC /* Debug */ = {
			isa = XCBuildConfiguration;
			buildSettings = {
				DEVELOPMENT_TEAM = NHS5CFX24Q;
				INFOPLIST_FILE = NotificationContent/Info.plist;
				LD_RUNPATH_SEARCH_PATHS = "$(inherited) @executable_path/Frameworks @executable_path/../../Frameworks";
				PRODUCT_BUNDLE_IDENTIFIER = IE.Carousel.NotificationContent;
				PRODUCT_NAME = "$(TARGET_NAME)";
				SKIP_INSTALL = YES;
				SWIFT_VERSION = 3.0;
			};
			name = Debug;
		};
		BF276F0C1EAB516C006E5EAC /* Release */ = {
			isa = XCBuildConfiguration;
			buildSettings = {
				DEVELOPMENT_TEAM = NHS5CFX24Q;
				INFOPLIST_FILE = NotificationContent/Info.plist;
				LD_RUNPATH_SEARCH_PATHS = "$(inherited) @executable_path/Frameworks @executable_path/../../Frameworks";
				PRODUCT_BUNDLE_IDENTIFIER = IE.Carousel.NotificationContent;
				PRODUCT_NAME = "$(TARGET_NAME)";
				SKIP_INSTALL = YES;
				SWIFT_VERSION = 3.0;
			};
			name = Release;
		};
		BF6C3CA21E8739C900DA9297 /* Debug */ = {
			isa = XCBuildConfiguration;
			buildSettings = {
				ALWAYS_SEARCH_USER_PATHS = NO;
				CLANG_ANALYZER_NONNULL = YES;
				CLANG_CXX_LANGUAGE_STANDARD = "gnu++0x";
				CLANG_CXX_LIBRARY = "libc++";
				CLANG_ENABLE_MODULES = YES;
				CLANG_ENABLE_OBJC_ARC = YES;
				CLANG_WARN_BOOL_CONVERSION = YES;
				CLANG_WARN_CONSTANT_CONVERSION = YES;
				CLANG_WARN_DIRECT_OBJC_ISA_USAGE = YES_ERROR;
				CLANG_WARN_DOCUMENTATION_COMMENTS = YES;
				CLANG_WARN_EMPTY_BODY = YES;
				CLANG_WARN_ENUM_CONVERSION = YES;
				CLANG_WARN_INFINITE_RECURSION = YES;
				CLANG_WARN_INT_CONVERSION = YES;
				CLANG_WARN_OBJC_ROOT_CLASS = YES_ERROR;
				CLANG_WARN_SUSPICIOUS_MOVE = YES;
				CLANG_WARN_UNREACHABLE_CODE = YES;
				CLANG_WARN__DUPLICATE_METHOD_MATCH = YES;
				"CODE_SIGN_IDENTITY[sdk=iphoneos*]" = "iPhone Developer";
				COPY_PHASE_STRIP = NO;
				DEBUG_INFORMATION_FORMAT = dwarf;
				ENABLE_STRICT_OBJC_MSGSEND = YES;
				ENABLE_TESTABILITY = YES;
				GCC_C_LANGUAGE_STANDARD = gnu99;
				GCC_DYNAMIC_NO_PIC = NO;
				GCC_NO_COMMON_BLOCKS = YES;
				GCC_OPTIMIZATION_LEVEL = 0;
				GCC_PREPROCESSOR_DEFINITIONS = (
					"DEBUG=1",
					"$(inherited)",
				);
				GCC_WARN_64_TO_32_BIT_CONVERSION = YES;
				GCC_WARN_ABOUT_RETURN_TYPE = YES_ERROR;
				GCC_WARN_UNDECLARED_SELECTOR = YES;
				GCC_WARN_UNINITIALIZED_AUTOS = YES_AGGRESSIVE;
				GCC_WARN_UNUSED_FUNCTION = YES;
				GCC_WARN_UNUSED_VARIABLE = YES;
				IPHONEOS_DEPLOYMENT_TARGET = 10.2;
				MTL_ENABLE_DEBUG_INFO = YES;
				ONLY_ACTIVE_ARCH = YES;
				SDKROOT = iphoneos;
				SWIFT_ACTIVE_COMPILATION_CONDITIONS = DEBUG;
				SWIFT_OPTIMIZATION_LEVEL = "-Onone";
				TARGETED_DEVICE_FAMILY = "1,2";
			};
			name = Debug;
		};
		BF6C3CA31E8739C900DA9297 /* Release */ = {
			isa = XCBuildConfiguration;
			buildSettings = {
				ALWAYS_SEARCH_USER_PATHS = NO;
				CLANG_ANALYZER_NONNULL = YES;
				CLANG_CXX_LANGUAGE_STANDARD = "gnu++0x";
				CLANG_CXX_LIBRARY = "libc++";
				CLANG_ENABLE_MODULES = YES;
				CLANG_ENABLE_OBJC_ARC = YES;
				CLANG_WARN_BOOL_CONVERSION = YES;
				CLANG_WARN_CONSTANT_CONVERSION = YES;
				CLANG_WARN_DIRECT_OBJC_ISA_USAGE = YES_ERROR;
				CLANG_WARN_DOCUMENTATION_COMMENTS = YES;
				CLANG_WARN_EMPTY_BODY = YES;
				CLANG_WARN_ENUM_CONVERSION = YES;
				CLANG_WARN_INFINITE_RECURSION = YES;
				CLANG_WARN_INT_CONVERSION = YES;
				CLANG_WARN_OBJC_ROOT_CLASS = YES_ERROR;
				CLANG_WARN_SUSPICIOUS_MOVE = YES;
				CLANG_WARN_UNREACHABLE_CODE = YES;
				CLANG_WARN__DUPLICATE_METHOD_MATCH = YES;
				"CODE_SIGN_IDENTITY[sdk=iphoneos*]" = "iPhone Developer";
				COPY_PHASE_STRIP = NO;
				DEBUG_INFORMATION_FORMAT = "dwarf-with-dsym";
				ENABLE_NS_ASSERTIONS = NO;
				ENABLE_STRICT_OBJC_MSGSEND = YES;
				GCC_C_LANGUAGE_STANDARD = gnu99;
				GCC_NO_COMMON_BLOCKS = YES;
				GCC_WARN_64_TO_32_BIT_CONVERSION = YES;
				GCC_WARN_ABOUT_RETURN_TYPE = YES_ERROR;
				GCC_WARN_UNDECLARED_SELECTOR = YES;
				GCC_WARN_UNINITIALIZED_AUTOS = YES_AGGRESSIVE;
				GCC_WARN_UNUSED_FUNCTION = YES;
				GCC_WARN_UNUSED_VARIABLE = YES;
				IPHONEOS_DEPLOYMENT_TARGET = 10.2;
				MTL_ENABLE_DEBUG_INFO = NO;
				SDKROOT = iphoneos;
				SWIFT_OPTIMIZATION_LEVEL = "-Owholemodule";
				TARGETED_DEVICE_FAMILY = "1,2";
				VALIDATE_PRODUCT = YES;
			};
			name = Release;
		};
		BF6C3CA51E8739C900DA9297 /* Debug */ = {
			isa = XCBuildConfiguration;
			baseConfigurationReference = B7A8AE85ABF763B2B5E32E31 /* Pods-Carousel.debug.xcconfig */;
			buildSettings = {
				ALWAYS_EMBED_SWIFT_STANDARD_LIBRARIES = YES;
				ASSETCATALOG_COMPILER_APPICON_NAME = AppIcon;
				DEVELOPMENT_TEAM = NHS5CFX24Q;
				INFOPLIST_FILE = Carousel/Info.plist;
				LD_RUNPATH_SEARCH_PATHS = "$(inherited) @executable_path/Frameworks";
				PRODUCT_BUNDLE_IDENTIFIER = IE.Carousel;
				PRODUCT_NAME = "$(TARGET_NAME)";
				SWIFT_VERSION = 3.0;
				TARGETED_DEVICE_FAMILY = 1;
			};
			name = Debug;
		};
		BF6C3CA61E8739C900DA9297 /* Release */ = {
			isa = XCBuildConfiguration;
			baseConfigurationReference = 0700B11A208A0EB35F9D44EE /* Pods-Carousel.release.xcconfig */;
			buildSettings = {
				ALWAYS_EMBED_SWIFT_STANDARD_LIBRARIES = YES;
				ASSETCATALOG_COMPILER_APPICON_NAME = AppIcon;
				DEVELOPMENT_TEAM = NHS5CFX24Q;
				INFOPLIST_FILE = Carousel/Info.plist;
				LD_RUNPATH_SEARCH_PATHS = "$(inherited) @executable_path/Frameworks";
				PRODUCT_BUNDLE_IDENTIFIER = IE.Carousel;
				PRODUCT_NAME = "$(TARGET_NAME)";
				SWIFT_VERSION = 3.0;
				TARGETED_DEVICE_FAMILY = 1;
			};
			name = Release;
		};
		BF6C3CA81E8739C900DA9297 /* Debug */ = {
			isa = XCBuildConfiguration;
			buildSettings = {
				ALWAYS_EMBED_SWIFT_STANDARD_LIBRARIES = YES;
				BUNDLE_LOADER = "$(TEST_HOST)";
				DEVELOPMENT_TEAM = NHS5CFX24Q;
				INFOPLIST_FILE = CarouselTests/Info.plist;
				LD_RUNPATH_SEARCH_PATHS = "$(inherited) @executable_path/Frameworks @loader_path/Frameworks";
				PRODUCT_BUNDLE_IDENTIFIER = IE.CarouselTests;
				PRODUCT_NAME = "$(TARGET_NAME)";
				SWIFT_VERSION = 3.0;
				TEST_HOST = "$(BUILT_PRODUCTS_DIR)/Carousel.app/Carousel";
			};
			name = Debug;
		};
		BF6C3CA91E8739C900DA9297 /* Release */ = {
			isa = XCBuildConfiguration;
			buildSettings = {
				ALWAYS_EMBED_SWIFT_STANDARD_LIBRARIES = YES;
				BUNDLE_LOADER = "$(TEST_HOST)";
				DEVELOPMENT_TEAM = NHS5CFX24Q;
				INFOPLIST_FILE = CarouselTests/Info.plist;
				LD_RUNPATH_SEARCH_PATHS = "$(inherited) @executable_path/Frameworks @loader_path/Frameworks";
				PRODUCT_BUNDLE_IDENTIFIER = IE.CarouselTests;
				PRODUCT_NAME = "$(TARGET_NAME)";
				SWIFT_VERSION = 3.0;
				TEST_HOST = "$(BUILT_PRODUCTS_DIR)/Carousel.app/Carousel";
			};
			name = Release;
		};
		BF6C3CAB1E8739C900DA9297 /* Debug */ = {
			isa = XCBuildConfiguration;
			buildSettings = {
				ALWAYS_EMBED_SWIFT_STANDARD_LIBRARIES = YES;
				DEVELOPMENT_TEAM = NHS5CFX24Q;
				INFOPLIST_FILE = CarouselUITests/Info.plist;
				LD_RUNPATH_SEARCH_PATHS = "$(inherited) @executable_path/Frameworks @loader_path/Frameworks";
				PRODUCT_BUNDLE_IDENTIFIER = IE.CarouselUITests;
				PRODUCT_NAME = "$(TARGET_NAME)";
				SWIFT_VERSION = 3.0;
				TEST_TARGET_NAME = Carousel;
			};
			name = Debug;
		};
		BF6C3CAC1E8739C900DA9297 /* Release */ = {
			isa = XCBuildConfiguration;
			buildSettings = {
				ALWAYS_EMBED_SWIFT_STANDARD_LIBRARIES = YES;
				DEVELOPMENT_TEAM = NHS5CFX24Q;
				INFOPLIST_FILE = CarouselUITests/Info.plist;
				LD_RUNPATH_SEARCH_PATHS = "$(inherited) @executable_path/Frameworks @loader_path/Frameworks";
				PRODUCT_BUNDLE_IDENTIFIER = IE.CarouselUITests;
				PRODUCT_NAME = "$(TARGET_NAME)";
				SWIFT_VERSION = 3.0;
				TEST_TARGET_NAME = Carousel;
			};
			name = Release;
		};
/* End XCBuildConfiguration section */

/* Begin XCConfigurationList section */
		BF276EF51EAB4B93006E5EAC /* Build configuration list for PBXNativeTarget "NotificationService" */ = {
			isa = XCConfigurationList;
			buildConfigurations = (
				BF276EF31EAB4B93006E5EAC /* Debug */,
				BF276EF41EAB4B93006E5EAC /* Release */,
			);
			defaultConfigurationIsVisible = 0;
			defaultConfigurationName = Release;
		};
		BF276F0A1EAB516C006E5EAC /* Build configuration list for PBXNativeTarget "NotificationContent" */ = {
			isa = XCConfigurationList;
			buildConfigurations = (
				BF276F0B1EAB516C006E5EAC /* Debug */,
				BF276F0C1EAB516C006E5EAC /* Release */,
			);
			defaultConfigurationIsVisible = 0;
			defaultConfigurationName = Release;
		};
		BF6C3C741E8739C900DA9297 /* Build configuration list for PBXProject "Carousel" */ = {
			isa = XCConfigurationList;
			buildConfigurations = (
				BF6C3CA21E8739C900DA9297 /* Debug */,
				BF6C3CA31E8739C900DA9297 /* Release */,
			);
			defaultConfigurationIsVisible = 0;
			defaultConfigurationName = Release;
		};
		BF6C3CA41E8739C900DA9297 /* Build configuration list for PBXNativeTarget "Carousel" */ = {
			isa = XCConfigurationList;
			buildConfigurations = (
				BF6C3CA51E8739C900DA9297 /* Debug */,
				BF6C3CA61E8739C900DA9297 /* Release */,
			);
			defaultConfigurationIsVisible = 0;
			defaultConfigurationName = Release;
		};
		BF6C3CA71E8739C900DA9297 /* Build configuration list for PBXNativeTarget "CarouselTests" */ = {
			isa = XCConfigurationList;
			buildConfigurations = (
				BF6C3CA81E8739C900DA9297 /* Debug */,
				BF6C3CA91E8739C900DA9297 /* Release */,
			);
			defaultConfigurationIsVisible = 0;
			defaultConfigurationName = Release;
		};
		BF6C3CAA1E8739C900DA9297 /* Build configuration list for PBXNativeTarget "CarouselUITests" */ = {
			isa = XCConfigurationList;
			buildConfigurations = (
				BF6C3CAB1E8739C900DA9297 /* Debug */,
				BF6C3CAC1E8739C900DA9297 /* Release */,
			);
			defaultConfigurationIsVisible = 0;
			defaultConfigurationName = Release;
		};
/* End XCConfigurationList section */

/* Begin XCVersionGroup section */
		BF6C3C831E8739C900DA9297 /* Carousel.xcdatamodeld */ = {
			isa = XCVersionGroup;
			children = (
				BF6C3C841E8739C900DA9297 /* Carousel.xcdatamodel */,
			);
			currentVersion = BF6C3C841E8739C900DA9297 /* Carousel.xcdatamodel */;
			path = Carousel.xcdatamodeld;
			sourceTree = "<group>";
			versionGroupType = wrapper.xcdatamodel;
		};
/* End XCVersionGroup section */
	};
	rootObject = BF6C3C711E8739C900DA9297 /* Project object */;
}
